
Microsoft Visual Studio Solution File, Format Version 12.00
# Visual Studio 15
VisualStudioVersion = 15.0.27130.2020
MinimumVisualStudioVersion = 10.0.40219.1
Project("{FAE04EC0-301F-11D3-BF4B-00C04F79EFBC}") = "Qberryduino.Net.Parser", "Qberryduino.Net.Parser\Qberryduino.Net.Parser.csproj", "{5489AAD1-57F4-4C6C-9403-B1CD83A26032}"
EndProject
Project("{FAE04EC0-301F-11D3-BF4B-00C04F79EFBC}") = "Qberryduino.Net.UnitTest", "Qberryduino.Net.UnitTest\Qberryduino.Net.UnitTest.csproj", "{ED0BF5FD-B0F7-4D41-9145-B2106C79989F}"
EndProject
Global
	GlobalSection(SolutionConfigurationPlatforms) = preSolution
		Debug|Any CPU = Debug|Any CPU
		Release|Any CPU = Release|Any CPU
	EndGlobalSection
	GlobalSection(ProjectConfigurationPlatforms) = postSolution
		{5489AAD1-57F4-4C6C-9403-B1CD83A26032}.Debug|Any CPU.ActiveCfg = Debug|Any CPU
		{5489AAD1-57F4-4C6C-9403-B1CD83A26032}.Debug|Any CPU.Build.0 = Debug|Any CPU
		{5489AAD1-57F4-4C6C-9403-B1CD83A26032}.Release|Any CPU.ActiveCfg = Release|Any CPU
		{5489AAD1-57F4-4C6C-9403-B1CD83A26032}.Release|Any CPU.Build.0 = Release|Any CPU
		{ED0BF5FD-B0F7-4D41-9145-B2106C79989F}.Debug|Any CPU.ActiveCfg = Debug|Any CPU
		{ED0BF5FD-B0F7-4D41-9145-B2106C79989F}.Debug|Any CPU.Build.0 = Debug|Any CPU
		{ED0BF5FD-B0F7-4D41-9145-B2106C79989F}.Release|Any CPU.ActiveCfg = Release|Any CPU
		{ED0BF5FD-B0F7-4D41-9145-B2106C79989F}.Release|Any CPU.Build.0 = Release|Any CPU
	EndGlobalSection
	GlobalSection(SolutionProperties) = preSolution
		HideSolutionNode = FALSE
	EndGlobalSection
	GlobalSection(ExtensibilityGlobals) = postSolution
		SolutionGuid = {2011C211-DEEF-4809-AF7A-25E32FEBE469}
	EndGlobalSection
EndGlobal
